// !$*UTF8*$!
{
	archiveVersion = 1;
	classes = {
	};
	objectVersion = 51;
	objects = {

/* Begin PBXBuildFile section */
		0164D02349B23FCE2013AD88 /* Pods_ScrollReels_ScrollReelsUITests.framework in Frameworks */ = {isa = PBXBuildFile; fileRef = F28F066DEB1D38B7380D7B4F /* Pods_ScrollReels_ScrollReelsUITests.framework */; };
		0BF396B3D6DFACA47156477C /* Pods_ScrollReels.framework in Frameworks */ = {isa = PBXBuildFile; fileRef = 82C1A7FACA054AA1D306DFD0 /* Pods_ScrollReels.framework */; };
		C812BB467F125A7AB578349D /* Pods_ScrollReelsTests.framework in Frameworks */ = {isa = PBXBuildFile; fileRef = 9A71F4C1F7501F1602C54990 /* Pods_ScrollReelsTests.framework */; };
		F68A15E023ED128A00F7EB02 /* MovieDetailsViewController.swift in Sources */ = {isa = PBXBuildFile; fileRef = F68A15DF23ED128A00F7EB02 /* MovieDetailsViewController.swift */; };
		F68A15E223ED223700F7EB02 /* MovieGridViewController.swift in Sources */ = {isa = PBXBuildFile; fileRef = F68A15E123ED223700F7EB02 /* MovieGridViewController.swift */; };
		F68A15E423ED259C00F7EB02 /* MovieGridCell.swift in Sources */ = {isa = PBXBuildFile; fileRef = F68A15E323ED259C00F7EB02 /* MovieGridCell.swift */; };
		F6FC548823E3C75000146B84 /* AppDelegate.swift in Sources */ = {isa = PBXBuildFile; fileRef = F6FC548723E3C75000146B84 /* AppDelegate.swift */; };
		F6FC548D23E3C75000146B84 /* Main.storyboard in Resources */ = {isa = PBXBuildFile; fileRef = F6FC548B23E3C75000146B84 /* Main.storyboard */; };
		F6FC548F23E3C75200146B84 /* Assets.xcassets in Resources */ = {isa = PBXBuildFile; fileRef = F6FC548E23E3C75200146B84 /* Assets.xcassets */; };
		F6FC549223E3C75200146B84 /* LaunchScreen.storyboard in Resources */ = {isa = PBXBuildFile; fileRef = F6FC549023E3C75200146B84 /* LaunchScreen.storyboard */; };
		F6FC549D23E3C75300146B84 /* ScrollReelsTests.swift in Sources */ = {isa = PBXBuildFile; fileRef = F6FC549C23E3C75300146B84 /* ScrollReelsTests.swift */; };
		F6FC54A823E3C75300146B84 /* ScrollReelsUITests.swift in Sources */ = {isa = PBXBuildFile; fileRef = F6FC54A723E3C75300146B84 /* ScrollReelsUITests.swift */; };
		F6FC54B623E3CA4900146B84 /* MoviesViewController.swift in Sources */ = {isa = PBXBuildFile; fileRef = F6FC54B523E3CA4900146B84 /* MoviesViewController.swift */; };
		F6FC54B823E3D56A00146B84 /* movieCell.swift in Sources */ = {isa = PBXBuildFile; fileRef = F6FC54B723E3D56A00146B84 /* movieCell.swift */; };
/* End PBXBuildFile section */

/* Begin PBXContainerItemProxy section */
		F6FC549923E3C75300146B84 /* PBXContainerItemProxy */ = {
			isa = PBXContainerItemProxy;
			containerPortal = F6FC547C23E3C75000146B84 /* Project object */;
			proxyType = 1;
			remoteGlobalIDString = F6FC548323E3C75000146B84;
			remoteInfo = ScrollReels;
		};
		F6FC54A423E3C75300146B84 /* PBXContainerItemProxy */ = {
			isa = PBXContainerItemProxy;
			containerPortal = F6FC547C23E3C75000146B84 /* Project object */;
			proxyType = 1;
			remoteGlobalIDString = F6FC548323E3C75000146B84;
			remoteInfo = ScrollReels;
		};
/* End PBXContainerItemProxy section */

/* Begin PBXFileReference section */
		05E552671CE4BF39A88F708B /* Pods-ScrollReels-ScrollReelsUITests.release.xcconfig */ = {isa = PBXFileReference; includeInIndex = 1; lastKnownFileType = text.xcconfig; name = "Pods-ScrollReels-ScrollReelsUITests.release.xcconfig"; path = "Target Support Files/Pods-ScrollReels-ScrollReelsUITests/Pods-ScrollReels-ScrollReelsUITests.release.xcconfig"; sourceTree = "<group>"; };
		09C3868253FCAFE0361A4408 /* Pods-ScrollReelsTests.debug.xcconfig */ = {isa = PBXFileReference; includeInIndex = 1; lastKnownFileType = text.xcconfig; name = "Pods-ScrollReelsTests.debug.xcconfig"; path = "Target Support Files/Pods-ScrollReelsTests/Pods-ScrollReelsTests.debug.xcconfig"; sourceTree = "<group>"; };
		82C1A7FACA054AA1D306DFD0 /* Pods_ScrollReels.framework */ = {isa = PBXFileReference; explicitFileType = wrapper.framework; includeInIndex = 0; path = Pods_ScrollReels.framework; sourceTree = BUILT_PRODUCTS_DIR; };
		9A71F4C1F7501F1602C54990 /* Pods_ScrollReelsTests.framework */ = {isa = PBXFileReference; explicitFileType = wrapper.framework; includeInIndex = 0; path = Pods_ScrollReelsTests.framework; sourceTree = BUILT_PRODUCTS_DIR; };
		A187ECC17FBDC06C907D10A5 /* Pods-ScrollReels-ScrollReelsUITests.debug.xcconfig */ = {isa = PBXFileReference; includeInIndex = 1; lastKnownFileType = text.xcconfig; name = "Pods-ScrollReels-ScrollReelsUITests.debug.xcconfig"; path = "Target Support Files/Pods-ScrollReels-ScrollReelsUITests/Pods-ScrollReels-ScrollReelsUITests.debug.xcconfig"; sourceTree = "<group>"; };
		B8293E167FF14C5B092D81BD /* Pods-ScrollReelsTests.release.xcconfig */ = {isa = PBXFileReference; includeInIndex = 1; lastKnownFileType = text.xcconfig; name = "Pods-ScrollReelsTests.release.xcconfig"; path = "Target Support Files/Pods-ScrollReelsTests/Pods-ScrollReelsTests.release.xcconfig"; sourceTree = "<group>"; };
		C026D7E900676DBA4DCCBC3F /* Pods-ScrollReels.debug.xcconfig */ = {isa = PBXFileReference; includeInIndex = 1; lastKnownFileType = text.xcconfig; name = "Pods-ScrollReels.debug.xcconfig"; path = "Target Support Files/Pods-ScrollReels/Pods-ScrollReels.debug.xcconfig"; sourceTree = "<group>"; };
		E583F4C244E4B5D9E6C9F587 /* Pods-ScrollReels.release.xcconfig */ = {isa = PBXFileReference; includeInIndex = 1; lastKnownFileType = text.xcconfig; name = "Pods-ScrollReels.release.xcconfig"; path = "Target Support Files/Pods-ScrollReels/Pods-ScrollReels.release.xcconfig"; sourceTree = "<group>"; };
		F28F066DEB1D38B7380D7B4F /* Pods_ScrollReels_ScrollReelsUITests.framework */ = {isa = PBXFileReference; explicitFileType = wrapper.framework; includeInIndex = 0; path = Pods_ScrollReels_ScrollReelsUITests.framework; sourceTree = BUILT_PRODUCTS_DIR; };
		F68A15DF23ED128A00F7EB02 /* MovieDetailsViewController.swift */ = {isa = PBXFileReference; lastKnownFileType = sourcecode.swift; path = MovieDetailsViewController.swift; sourceTree = "<group>"; };
		F68A15E123ED223700F7EB02 /* MovieGridViewController.swift */ = {isa = PBXFileReference; lastKnownFileType = sourcecode.swift; path = MovieGridViewController.swift; sourceTree = "<group>"; };
		F68A15E323ED259C00F7EB02 /* MovieGridCell.swift */ = {isa = PBXFileReference; lastKnownFileType = sourcecode.swift; path = MovieGridCell.swift; sourceTree = "<group>"; };
		F6FC548423E3C75000146B84 /* ScrollReels.app */ = {isa = PBXFileReference; explicitFileType = wrapper.application; includeInIndex = 0; path = ScrollReels.app; sourceTree = BUILT_PRODUCTS_DIR; };
		F6FC548723E3C75000146B84 /* AppDelegate.swift */ = {isa = PBXFileReference; lastKnownFileType = sourcecode.swift; path = AppDelegate.swift; sourceTree = "<group>"; };
		F6FC548C23E3C75000146B84 /* Base */ = {isa = PBXFileReference; lastKnownFileType = file.storyboard; name = Base; path = Base.lproj/Main.storyboard; sourceTree = "<group>"; };
		F6FC548E23E3C75200146B84 /* Assets.xcassets */ = {isa = PBXFileReference; lastKnownFileType = folder.assetcatalog; path = Assets.xcassets; sourceTree = "<group>"; };
		F6FC549123E3C75200146B84 /* Base */ = {isa = PBXFileReference; lastKnownFileType = file.storyboard; name = Base; path = Base.lproj/LaunchScreen.storyboard; sourceTree = "<group>"; };
		F6FC549323E3C75200146B84 /* Info.plist */ = {isa = PBXFileReference; lastKnownFileType = text.plist.xml; path = Info.plist; sourceTree = "<group>"; };
		F6FC549823E3C75300146B84 /* ScrollReelsTests.xctest */ = {isa = PBXFileReference; explicitFileType = wrapper.cfbundle; includeInIndex = 0; path = ScrollReelsTests.xctest; sourceTree = BUILT_PRODUCTS_DIR; };
		F6FC549C23E3C75300146B84 /* ScrollReelsTests.swift */ = {isa = PBXFileReference; lastKnownFileType = sourcecode.swift; path = ScrollReelsTests.swift; sourceTree = "<group>"; };
		F6FC549E23E3C75300146B84 /* Info.plist */ = {isa = PBXFileReference; lastKnownFileType = text.plist.xml; path = Info.plist; sourceTree = "<group>"; };
		F6FC54A323E3C75300146B84 /* ScrollReelsUITests.xctest */ = {isa = PBXFileReference; explicitFileType = wrapper.cfbundle; includeInIndex = 0; path = ScrollReelsUITests.xctest; sourceTree = BUILT_PRODUCTS_DIR; };
		F6FC54A723E3C75300146B84 /* ScrollReelsUITests.swift */ = {isa = PBXFileReference; lastKnownFileType = sourcecode.swift; path = ScrollReelsUITests.swift; sourceTree = "<group>"; };
		F6FC54A923E3C75300146B84 /* Info.plist */ = {isa = PBXFileReference; lastKnownFileType = text.plist.xml; path = Info.plist; sourceTree = "<group>"; };
		F6FC54B523E3CA4900146B84 /* MoviesViewController.swift */ = {isa = PBXFileReference; lastKnownFileType = sourcecode.swift; path = MoviesViewController.swift; sourceTree = "<group>"; };
		F6FC54B723E3D56A00146B84 /* movieCell.swift */ = {isa = PBXFileReference; lastKnownFileType = sourcecode.swift; path = movieCell.swift; sourceTree = "<group>"; };
/* End PBXFileReference section */

/* Begin PBXFrameworksBuildPhase section */
		F6FC548123E3C75000146B84 /* Frameworks */ = {
			isa = PBXFrameworksBuildPhase;
			buildActionMask = 2147483647;
			files = (
				0BF396B3D6DFACA47156477C /* Pods_ScrollReels.framework in Frameworks */,
			);
			runOnlyForDeploymentPostprocessing = 0;
		};
		F6FC549523E3C75300146B84 /* Frameworks */ = {
			isa = PBXFrameworksBuildPhase;
			buildActionMask = 2147483647;
			files = (
				C812BB467F125A7AB578349D /* Pods_ScrollReelsTests.framework in Frameworks */,
			);
			runOnlyForDeploymentPostprocessing = 0;
		};
		F6FC54A023E3C75300146B84 /* Frameworks */ = {
			isa = PBXFrameworksBuildPhase;
			buildActionMask = 2147483647;
			files = (
				0164D02349B23FCE2013AD88 /* Pods_ScrollReels_ScrollReelsUITests.framework in Frameworks */,
			);
			runOnlyForDeploymentPostprocessing = 0;
		};
/* End PBXFrameworksBuildPhase section */

/* Begin PBXGroup section */
		731B7355C66B0254FB19F279 /* Frameworks */ = {
			isa = PBXGroup;
			children = (
				82C1A7FACA054AA1D306DFD0 /* Pods_ScrollReels.framework */,
				F28F066DEB1D38B7380D7B4F /* Pods_ScrollReels_ScrollReelsUITests.framework */,
				9A71F4C1F7501F1602C54990 /* Pods_ScrollReelsTests.framework */,
			);
			name = Frameworks;
			sourceTree = "<group>";
		};
		ECB05F01E7F1F2535C7472D4 /* Pods */ = {
			isa = PBXGroup;
			children = (
				C026D7E900676DBA4DCCBC3F /* Pods-ScrollReels.debug.xcconfig */,
				E583F4C244E4B5D9E6C9F587 /* Pods-ScrollReels.release.xcconfig */,
				A187ECC17FBDC06C907D10A5 /* Pods-ScrollReels-ScrollReelsUITests.debug.xcconfig */,
				05E552671CE4BF39A88F708B /* Pods-ScrollReels-ScrollReelsUITests.release.xcconfig */,
				09C3868253FCAFE0361A4408 /* Pods-ScrollReelsTests.debug.xcconfig */,
				B8293E167FF14C5B092D81BD /* Pods-ScrollReelsTests.release.xcconfig */,
			);
			path = Pods;
			sourceTree = "<group>";
		};
		F6FC547B23E3C75000146B84 = {
			isa = PBXGroup;
			children = (
				F6FC548623E3C75000146B84 /* ScrollReels */,
				F6FC549B23E3C75300146B84 /* ScrollReelsTests */,
				F6FC54A623E3C75300146B84 /* ScrollReelsUITests */,
				F6FC548523E3C75000146B84 /* Products */,
				ECB05F01E7F1F2535C7472D4 /* Pods */,
				731B7355C66B0254FB19F279 /* Frameworks */,
			);
			sourceTree = "<group>";
		};
		F6FC548523E3C75000146B84 /* Products */ = {
			isa = PBXGroup;
			children = (
				F6FC548423E3C75000146B84 /* ScrollReels.app */,
				F6FC549823E3C75300146B84 /* ScrollReelsTests.xctest */,
				F6FC54A323E3C75300146B84 /* ScrollReelsUITests.xctest */,
			);
			name = Products;
			sourceTree = "<group>";
		};
		F6FC548623E3C75000146B84 /* ScrollReels */ = {
			isa = PBXGroup;
			children = (
				F6FC548723E3C75000146B84 /* AppDelegate.swift */,
				F6FC548B23E3C75000146B84 /* Main.storyboard */,
				F6FC54B723E3D56A00146B84 /* movieCell.swift */,
				F6FC548E23E3C75200146B84 /* Assets.xcassets */,
				F6FC549023E3C75200146B84 /* LaunchScreen.storyboard */,
				F6FC549323E3C75200146B84 /* Info.plist */,
				F6FC54B523E3CA4900146B84 /* MoviesViewController.swift */,
				F68A15DF23ED128A00F7EB02 /* MovieDetailsViewController.swift */,
				F68A15E123ED223700F7EB02 /* MovieGridViewController.swift */,
				F68A15E323ED259C00F7EB02 /* MovieGridCell.swift */,
			);
			path = ScrollReels;
			sourceTree = "<group>";
		};
		F6FC549B23E3C75300146B84 /* ScrollReelsTests */ = {
			isa = PBXGroup;
			children = (
				F6FC549C23E3C75300146B84 /* ScrollReelsTests.swift */,
				F6FC549E23E3C75300146B84 /* Info.plist */,
			);
			path = ScrollReelsTests;
			sourceTree = "<group>";
		};
		F6FC54A623E3C75300146B84 /* ScrollReelsUITests */ = {
			isa = PBXGroup;
			children = (
				F6FC54A723E3C75300146B84 /* ScrollReelsUITests.swift */,
				F6FC54A923E3C75300146B84 /* Info.plist */,
			);
			path = ScrollReelsUITests;
			sourceTree = "<group>";
		};
/* End PBXGroup section */

/* Begin PBXNativeTarget section */
		F6FC548323E3C75000146B84 /* ScrollReels */ = {
			isa = PBXNativeTarget;
			buildConfigurationList = F6FC54AC23E3C75300146B84 /* Build configuration list for PBXNativeTarget "ScrollReels" */;
			buildPhases = (
				E170B58B8127F37174EFF28C /* [CP] Check Pods Manifest.lock */,
				F6FC548023E3C75000146B84 /* Sources */,
				F6FC548123E3C75000146B84 /* Frameworks */,
				F6FC548223E3C75000146B84 /* Resources */,
				FAC7E6F89383456CCF7E73AC /* [CP] Embed Pods Frameworks */,
			);
			buildRules = (
			);
			dependencies = (
			);
			name = ScrollReels;
			productName = ScrollReels;
			productReference = F6FC548423E3C75000146B84 /* ScrollReels.app */;
			productType = "com.apple.product-type.application";
		};
		F6FC549723E3C75300146B84 /* ScrollReelsTests */ = {
			isa = PBXNativeTarget;
			buildConfigurationList = F6FC54AF23E3C75300146B84 /* Build configuration list for PBXNativeTarget "ScrollReelsTests" */;
			buildPhases = (
				445DBE0FA70D82806E1E7CEA /* [CP] Check Pods Manifest.lock */,
				F6FC549423E3C75300146B84 /* Sources */,
				F6FC549523E3C75300146B84 /* Frameworks */,
				F6FC549623E3C75300146B84 /* Resources */,
			);
			buildRules = (
			);
			dependencies = (
				F6FC549A23E3C75300146B84 /* PBXTargetDependency */,
			);
			name = ScrollReelsTests;
			productName = ScrollReelsTests;
			productReference = F6FC549823E3C75300146B84 /* ScrollReelsTests.xctest */;
			productType = "com.apple.product-type.bundle.unit-test";
		};
		F6FC54A223E3C75300146B84 /* ScrollReelsUITests */ = {
			isa = PBXNativeTarget;
			buildConfigurationList = F6FC54B223E3C75300146B84 /* Build configuration list for PBXNativeTarget "ScrollReelsUITests" */;
			buildPhases = (
				58CCB265E29E3172A40C4F8A /* [CP] Check Pods Manifest.lock */,
				F6FC549F23E3C75300146B84 /* Sources */,
				F6FC54A023E3C75300146B84 /* Frameworks */,
				F6FC54A123E3C75300146B84 /* Resources */,
				1CB32DA6A0AA03F8C562DB2C /* [CP] Embed Pods Frameworks */,
			);
			buildRules = (
			);
			dependencies = (
				F6FC54A523E3C75300146B84 /* PBXTargetDependency */,
			);
			name = ScrollReelsUITests;
			productName = ScrollReelsUITests;
			productReference = F6FC54A323E3C75300146B84 /* ScrollReelsUITests.xctest */;
			productType = "com.apple.product-type.bundle.ui-testing";
		};
/* End PBXNativeTarget section */

/* Begin PBXProject section */
		F6FC547C23E3C75000146B84 /* Project object */ = {
			isa = PBXProject;
			attributes = {
				LastSwiftUpdateCheck = 1010;
				LastUpgradeCheck = 1010;
				ORGANIZATIONNAME = "College of Southern Nevada";
				TargetAttributes = {
					F6FC548323E3C75000146B84 = {
						CreatedOnToolsVersion = 10.1;
					};
					F6FC549723E3C75300146B84 = {
						CreatedOnToolsVersion = 10.1;
						TestTargetID = F6FC548323E3C75000146B84;
					};
					F6FC54A223E3C75300146B84 = {
						CreatedOnToolsVersion = 10.1;
						TestTargetID = F6FC548323E3C75000146B84;
					};
				};
			};
			buildConfigurationList = F6FC547F23E3C75000146B84 /* Build configuration list for PBXProject "ScrollReels" */;
			compatibilityVersion = "Xcode 9.3";
			developmentRegion = en;
			hasScannedForEncodings = 0;
			knownRegions = (
				en,
				Base,
			);
			mainGroup = F6FC547B23E3C75000146B84;
			productRefGroup = F6FC548523E3C75000146B84 /* Products */;
			projectDirPath = "";
			projectRoot = "";
			targets = (
				F6FC548323E3C75000146B84 /* ScrollReels */,
				F6FC549723E3C75300146B84 /* ScrollReelsTests */,
				F6FC54A223E3C75300146B84 /* ScrollReelsUITests */,
			);
		};
/* End PBXProject section */

/* Begin PBXResourcesBuildPhase section */
		F6FC548223E3C75000146B84 /* Resources */ = {
			isa = PBXResourcesBuildPhase;
			buildActionMask = 2147483647;
			files = (
				F6FC549223E3C75200146B84 /* LaunchScreen.storyboard in Resources */,
				F6FC548F23E3C75200146B84 /* Assets.xcassets in Resources */,
				F6FC548D23E3C75000146B84 /* Main.storyboard in Resources */,
			);
			runOnlyForDeploymentPostprocessing = 0;
		};
		F6FC549623E3C75300146B84 /* Resources */ = {
			isa = PBXResourcesBuildPhase;
			buildActionMask = 2147483647;
			files = (
			);
			runOnlyForDeploymentPostprocessing = 0;
		};
		F6FC54A123E3C75300146B84 /* Resources */ = {
			isa = PBXResourcesBuildPhase;
			buildActionMask = 2147483647;
			files = (
			);
			runOnlyForDeploymentPostprocessing = 0;
		};
/* End PBXResourcesBuildPhase section */

/* Begin PBXShellScriptBuildPhase section */
		1CB32DA6A0AA03F8C562DB2C /* [CP] Embed Pods Frameworks */ = {
			isa = PBXShellScriptBuildPhase;
			buildActionMask = 2147483647;
			files = (
			);
			inputFileListPaths = (
				"${PODS_ROOT}/Target Support Files/Pods-ScrollReels-ScrollReelsUITests/Pods-ScrollReels-ScrollReelsUITests-frameworks-${CONFIGURATION}-input-files.xcfilelist",
			);
			name = "[CP] Embed Pods Frameworks";
			outputFileListPaths = (
				"${PODS_ROOT}/Target Support Files/Pods-ScrollReels-ScrollReelsUITests/Pods-ScrollReels-ScrollReelsUITests-frameworks-${CONFIGURATION}-output-files.xcfilelist",
			);
			runOnlyForDeploymentPostprocessing = 0;
			shellPath = /bin/sh;
			shellScript = "\"${PODS_ROOT}/Target Support Files/Pods-ScrollReels-ScrollReelsUITests/Pods-ScrollReels-ScrollReelsUITests-frameworks.sh\"\n";
			showEnvVarsInLog = 0;
		};
		445DBE0FA70D82806E1E7CEA /* [CP] Check Pods Manifest.lock */ = {
			isa = PBXShellScriptBuildPhase;
			buildActionMask = 2147483647;
			files = (
			);
			inputFileListPaths = (
			);
			inputPaths = (
				"${PODS_PODFILE_DIR_PATH}/Podfile.lock",
				"${PODS_ROOT}/Manifest.lock",
			);
			name = "[CP] Check Pods Manifest.lock";
			outputFileListPaths = (
			);
			outputPaths = (
				"$(DERIVED_FILE_DIR)/Pods-ScrollReelsTests-checkManifestLockResult.txt",
			);
			runOnlyForDeploymentPostprocessing = 0;
			shellPath = /bin/sh;
			shellScript = "diff \"${PODS_PODFILE_DIR_PATH}/Podfile.lock\" \"${PODS_ROOT}/Manifest.lock\" > /dev/null\nif [ $? != 0 ] ; then\n    # print error to STDERR\n    echo \"error: The sandbox is not in sync with the Podfile.lock. Run 'pod install' or update your CocoaPods installation.\" >&2\n    exit 1\nfi\n# This output is used by Xcode 'outputs' to avoid re-running this script phase.\necho \"SUCCESS\" > \"${SCRIPT_OUTPUT_FILE_0}\"\n";
			showEnvVarsInLog = 0;
		};
		58CCB265E29E3172A40C4F8A /* [CP] Check Pods Manifest.lock */ = {
			isa = PBXShellScriptBuildPhase;
			buildActionMask = 2147483647;
			files = (
			);
			inputFileListPaths = (
			);
			inputPaths = (
				"${PODS_PODFILE_DIR_PATH}/Podfile.lock",
				"${PODS_ROOT}/Manifest.lock",
			);
			name = "[CP] Check Pods Manifest.lock";
			outputFileListPaths = (
			);
			outputPaths = (
				"$(DERIVED_FILE_DIR)/Pods-ScrollReels-ScrollReelsUITests-checkManifestLockResult.txt",
			);
			runOnlyForDeploymentPostprocessing = 0;
			shellPath = /bin/sh;
			shellScript = "diff \"${PODS_PODFILE_DIR_PATH}/Podfile.lock\" \"${PODS_ROOT}/Manifest.lock\" > /dev/null\nif [ $? != 0 ] ; then\n    # print error to STDERR\n    echo \"error: The sandbox is not in sync with the Podfile.lock. Run 'pod install' or update your CocoaPods installation.\" >&2\n    exit 1\nfi\n# This output is used by Xcode 'outputs' to avoid re-running this script phase.\necho \"SUCCESS\" > \"${SCRIPT_OUTPUT_FILE_0}\"\n";
			showEnvVarsInLog = 0;
		};
		E170B58B8127F37174EFF28C /* [CP] Check Pods Manifest.lock */ = {
			isa = PBXShellScriptBuildPhase;
			buildActionMask = 2147483647;
			files = (
			);
			inputFileListPaths = (
			);
			inputPaths = (
				"${PODS_PODFILE_DIR_PATH}/Podfile.lock",
				"${PODS_ROOT}/Manifest.lock",
			);
			name = "[CP] Check Pods Manifest.lock";
			outputFileListPaths = (
			);
			outputPaths = (
				"$(DERIVED_FILE_DIR)/Pods-ScrollReels-checkManifestLockResult.txt",
			);
			runOnlyForDeploymentPostprocessing = 0;
			shellPath = /bin/sh;
			shellScript = "diff \"${PODS_PODFILE_DIR_PATH}/Podfile.lock\" \"${PODS_ROOT}/Manifest.lock\" > /dev/null\nif [ $? != 0 ] ; then\n    # print error to STDERR\n    echo \"error: The sandbox is not in sync with the Podfile.lock. Run 'pod install' or update your CocoaPods installation.\" >&2\n    exit 1\nfi\n# This output is used by Xcode 'outputs' to avoid re-running this script phase.\necho \"SUCCESS\" > \"${SCRIPT_OUTPUT_FILE_0}\"\n";
			showEnvVarsInLog = 0;
		};
		FAC7E6F89383456CCF7E73AC /* [CP] Embed Pods Frameworks */ = {
			isa = PBXShellScriptBuildPhase;
			buildActionMask = 2147483647;
			files = (
			);
			inputFileListPaths = (
				"${PODS_ROOT}/Target Support Files/Pods-ScrollReels/Pods-ScrollReels-frameworks-${CONFIGURATION}-input-files.xcfilelist",
			);
			name = "[CP] Embed Pods Frameworks";
			outputFileListPaths = (
				"${PODS_ROOT}/Target Support Files/Pods-ScrollReels/Pods-ScrollReels-frameworks-${CONFIGURATION}-output-files.xcfilelist",
			);
			runOnlyForDeploymentPostprocessing = 0;
			shellPath = /bin/sh;
			shellScript = "\"${PODS_ROOT}/Target Support Files/Pods-ScrollReels/Pods-ScrollReels-frameworks.sh\"\n";
			showEnvVarsInLog = 0;
		};
/* End PBXShellScriptBuildPhase section */

/* Begin PBXSourcesBuildPhase section */
		F6FC548023E3C75000146B84 /* Sources */ = {
			isa = PBXSourcesBuildPhase;
			buildActionMask = 2147483647;
			files = (
				F68A15E223ED223700F7EB02 /* MovieGridViewController.swift in Sources */,
				F68A15E023ED128A00F7EB02 /* MovieDetailsViewController.swift in Sources */,
				F6FC54B823E3D56A00146B84 /* movieCell.swift in Sources */,
				F6FC548823E3C75000146B84 /* AppDelegate.swift in Sources */,
				F68A15E423ED259C00F7EB02 /* MovieGridCell.swift in Sources */,
				F6FC54B623E3CA4900146B84 /* MoviesViewController.swift in Sources */,
			);
			runOnlyForDeploymentPostprocessing = 0;
		};
		F6FC549423E3C75300146B84 /* Sources */ = {
			isa = PBXSourcesBuildPhase;
			buildActionMask = 2147483647;
			files = (
				F6FC549D23E3C75300146B84 /* ScrollReelsTests.swift in Sources */,
			);
			runOnlyForDeploymentPostprocessing = 0;
		};
		F6FC549F23E3C75300146B84 /* Sources */ = {
			isa = PBXSourcesBuildPhase;
			buildActionMask = 2147483647;
			files = (
				F6FC54A823E3C75300146B84 /* ScrollReelsUITests.swift in Sources */,
			);
			runOnlyForDeploymentPostprocessing = 0;
		};
/* End PBXSourcesBuildPhase section */

/* Begin PBXTargetDependency section */
		F6FC549A23E3C75300146B84 /* PBXTargetDependency */ = {
			isa = PBXTargetDependency;
			target = F6FC548323E3C75000146B84 /* ScrollReels */;
			targetProxy = F6FC549923E3C75300146B84 /* PBXContainerItemProxy */;
		};
		F6FC54A523E3C75300146B84 /* PBXTargetDependency */ = {
			isa = PBXTargetDependency;
			target = F6FC548323E3C75000146B84 /* ScrollReels */;
			targetProxy = F6FC54A423E3C75300146B84 /* PBXContainerItemProxy */;
		};
/* End PBXTargetDependency section */

/* Begin PBXVariantGroup section */
		F6FC548B23E3C75000146B84 /* Main.storyboard */ = {
			isa = PBXVariantGroup;
			children = (
				F6FC548C23E3C75000146B84 /* Base */,
			);
			name = Main.storyboard;
			sourceTree = "<group>";
		};
		F6FC549023E3C75200146B84 /* LaunchScreen.storyboard */ = {
			isa = PBXVariantGroup;
			children = (
				F6FC549123E3C75200146B84 /* Base */,
			);
			name = LaunchScreen.storyboard;
			sourceTree = "<group>";
		};
/* End PBXVariantGroup section */

/* Begin XCBuildConfiguration section */
		F6FC54AA23E3C75300146B84 /* Debug */ = {
			isa = XCBuildConfiguration;
			buildSettings = {
				ALWAYS_SEARCH_USER_PATHS = NO;
				CLANG_ANALYZER_NONNULL = YES;
				CLANG_ANALYZER_NUMBER_OBJECT_CONVERSION = YES_AGGRESSIVE;
				CLANG_CXX_LANGUAGE_STANDARD = "gnu++14";
				CLANG_CXX_LIBRARY = "libc++";
				CLANG_ENABLE_MODULES = YES;
				CLANG_ENABLE_OBJC_ARC = YES;
				CLANG_ENABLE_OBJC_WEAK = YES;
				CLANG_WARN_BLOCK_CAPTURE_AUTORELEASING = YES;
				CLANG_WARN_BOOL_CONVERSION = YES;
				CLANG_WARN_COMMA = YES;
				CLANG_WARN_CONSTANT_CONVERSION = YES;
				CLANG_WARN_DEPRECATED_OBJC_IMPLEMENTATIONS = YES;
				CLANG_WARN_DIRECT_OBJC_ISA_USAGE = YES_ERROR;
				CLANG_WARN_DOCUMENTATION_COMMENTS = YES;
				CLANG_WARN_EMPTY_BODY = YES;
				CLANG_WARN_ENUM_CONVERSION = YES;
				CLANG_WARN_INFINITE_RECURSION = YES;
				CLANG_WARN_INT_CONVERSION = YES;
				CLANG_WARN_NON_LITERAL_NULL_CONVERSION = YES;
				CLANG_WARN_OBJC_IMPLICIT_RETAIN_SELF = YES;
				CLANG_WARN_OBJC_LITERAL_CONVERSION = YES;
				CLANG_WARN_OBJC_ROOT_CLASS = YES_ERROR;
				CLANG_WARN_RANGE_LOOP_ANALYSIS = YES;
				CLANG_WARN_STRICT_PROTOTYPES = YES;
				CLANG_WARN_SUSPICIOUS_MOVE = YES;
				CLANG_WARN_UNGUARDED_AVAILABILITY = YES_AGGRESSIVE;
				CLANG_WARN_UNREACHABLE_CODE = YES;
				CLANG_WARN__DUPLICATE_METHOD_MATCH = YES;
				CODE_SIGN_IDENTITY = "iPhone Developer";
				COPY_PHASE_STRIP = NO;
				DEBUG_INFORMATION_FORMAT = dwarf;
				ENABLE_STRICT_OBJC_MSGSEND = YES;
				ENABLE_TESTABILITY = YES;
				GCC_C_LANGUAGE_STANDARD = gnu11;
				GCC_DYNAMIC_NO_PIC = NO;
				GCC_NO_COMMON_BLOCKS = YES;
				GCC_OPTIMIZATION_LEVEL = 0;
				GCC_PREPROCESSOR_DEFINITIONS = (
					"DEBUG=1",
					"$(inherited)",
				);
				GCC_WARN_64_TO_32_BIT_CONVERSION = YES;
				GCC_WARN_ABOUT_RETURN_TYPE = YES_ERROR;
				GCC_WARN_UNDECLARED_SELECTOR = YES;
				GCC_WARN_UNINITIALIZED_AUTOS = YES_AGGRESSIVE;
				GCC_WARN_UNUSED_FUNCTION = YES;
				GCC_WARN_UNUSED_VARIABLE = YES;
				IPHONEOS_DEPLOYMENT_TARGET = 12.1;
				MTL_ENABLE_DEBUG_INFO = INCLUDE_SOURCE;
				MTL_FAST_MATH = YES;
				ONLY_ACTIVE_ARCH = YES;
				SDKROOT = iphoneos;
				SWIFT_ACTIVE_COMPILATION_CONDITIONS = DEBUG;
				SWIFT_OPTIMIZATION_LEVEL = "-Onone";
			};
			name = Debug;
		};
		F6FC54AB23E3C75300146B84 /* Release */ = {
			isa = XCBuildConfiguration;
			buildSettings = {
				ALWAYS_SEARCH_USER_PATHS = NO;
				CLANG_ANALYZER_NONNULL = YES;
				CLANG_ANALYZER_NUMBER_OBJECT_CONVERSION = YES_AGGRESSIVE;
				CLANG_CXX_LANGUAGE_STANDARD = "gnu++14";
				CLANG_CXX_LIBRARY = "libc++";
				CLANG_ENABLE_MODULES = YES;
				CLANG_ENABLE_OBJC_ARC = YES;
				CLANG_ENABLE_OBJC_WEAK = YES;
				CLANG_WARN_BLOCK_CAPTURE_AUTORELEASING = YES;
				CLANG_WARN_BOOL_CONVERSION = YES;
				CLANG_WARN_COMMA = YES;
				CLANG_WARN_CONSTANT_CONVERSION = YES;
				CLANG_WARN_DEPRECATED_OBJC_IMPLEMENTATIONS = YES;
				CLANG_WARN_DIRECT_OBJC_ISA_USAGE = YES_ERROR;
				CLANG_WARN_DOCUMENTATION_COMMENTS = YES;
				CLANG_WARN_EMPTY_BODY = YES;
				CLANG_WARN_ENUM_CONVERSION = YES;
				CLANG_WARN_INFINITE_RECURSION = YES;
				CLANG_WARN_INT_CONVERSION = YES;
				CLANG_WARN_NON_LITERAL_NULL_CONVERSION = YES;
				CLANG_WARN_OBJC_IMPLICIT_RETAIN_SELF = YES;
				CLANG_WARN_OBJC_LITERAL_CONVERSION = YES;
				CLANG_WARN_OBJC_ROOT_CLASS = YES_ERROR;
				CLANG_WARN_RANGE_LOOP_ANALYSIS = YES;
				CLANG_WARN_STRICT_PROTOTYPES = YES;
				CLANG_WARN_SUSPICIOUS_MOVE = YES;
				CLANG_WARN_UNGUARDED_AVAILABILITY = YES_AGGRESSIVE;
				CLANG_WARN_UNREACHABLE_CODE = YES;
				CLANG_WARN__DUPLICATE_METHOD_MATCH = YES;
				CODE_SIGN_IDENTITY = "iPhone Developer";
				COPY_PHASE_STRIP = NO;
				DEBUG_INFORMATION_FORMAT = "dwarf-with-dsym";
				ENABLE_NS_ASSERTIONS = NO;
				ENABLE_STRICT_OBJC_MSGSEND = YES;
				GCC_C_LANGUAGE_STANDARD = gnu11;
				GCC_NO_COMMON_BLOCKS = YES;
				GCC_WARN_64_TO_32_BIT_CONVERSION = YES;
				GCC_WARN_ABOUT_RETURN_TYPE = YES_ERROR;
				GCC_WARN_UNDECLARED_SELECTOR = YES;
				GCC_WARN_UNINITIALIZED_AUTOS = YES_AGGRESSIVE;
				GCC_WARN_UNUSED_FUNCTION = YES;
				GCC_WARN_UNUSED_VARIABLE = YES;
				IPHONEOS_DEPLOYMENT_TARGET = 12.1;
				MTL_ENABLE_DEBUG_INFO = NO;
				MTL_FAST_MATH = YES;
				SDKROOT = iphoneos;
				SWIFT_COMPILATION_MODE = wholemodule;
				SWIFT_OPTIMIZATION_LEVEL = "-O";
				VALIDATE_PRODUCT = YES;
			};
			name = Release;
		};
		F6FC54AD23E3C75300146B84 /* Debug */ = {
			isa = XCBuildConfiguration;
			baseConfigurationReference = C026D7E900676DBA4DCCBC3F /* Pods-ScrollReels.debug.xcconfig */;
			buildSettings = {
				ASSETCATALOG_COMPILER_APPICON_NAME = AppIcon;
				CODE_SIGN_STYLE = Automatic;
				DEVELOPMENT_TEAM = 6VD9A68X5N;
				INFOPLIST_FILE = ScrollReels/Info.plist;
				LD_RUNPATH_SEARCH_PATHS = (
					"$(inherited)",
					"@executable_path/Frameworks",
				);
				PRODUCT_BUNDLE_IDENTIFIER = CSN.ScrollReels;
				PRODUCT_NAME = "$(TARGET_NAME)";
				SWIFT_VERSION = 4.2;
				TARGETED_DEVICE_FAMILY = "1,2";
			};
			name = Debug;
		};
		F6FC54AE23E3C75300146B84 /* Release */ = {
			isa = XCBuildConfiguration;
			baseConfigurationReference = E583F4C244E4B5D9E6C9F587 /* Pods-ScrollReels.release.xcconfig */;
			buildSettings = {
				ASSETCATALOG_COMPILER_APPICON_NAME = AppIcon;
				CODE_SIGN_STYLE = Automatic;
				DEVELOPMENT_TEAM = 6VD9A68X5N;
				INFOPLIST_FILE = ScrollReels/Info.plist;
				LD_RUNPATH_SEARCH_PATHS = (
					"$(inherited)",
					"@executable_path/Frameworks",
				);
				PRODUCT_BUNDLE_IDENTIFIER = CSN.ScrollReels;
				PRODUCT_NAME = "$(TARGET_NAME)";
				SWIFT_VERSION = 4.2;
				TARGETED_DEVICE_FAMILY = "1,2";
			};
			name = Release;
		};
		F6FC54B023E3C75300146B84 /* Debug */ = {
			isa = XCBuildConfiguration;
			baseConfigurationReference = 09C3868253FCAFE0361A4408 /* Pods-ScrollReelsTests.debug.xcconfig */;
			buildSettings = {
				ALWAYS_EMBED_SWIFT_STANDARD_LIBRARIES = YES;
				BUNDLE_LOADER = "$(TEST_HOST)";
				CODE_SIGN_STYLE = Automatic;
				INFOPLIST_FILE = ScrollReelsTests/Info.plist;
				LD_RUNPATH_SEARCH_PATHS = (
					"$(inherited)",
					"@executable_path/Frameworks",
					"@loader_path/Frameworks",
				);
				PRODUCT_BUNDLE_IDENTIFIER = CSN.ScrollReelsTests;
				PRODUCT_NAME = "$(TARGET_NAME)";
				SWIFT_VERSION = 4.2;
				TARGETED_DEVICE_FAMILY = "1,2";
				TEST_HOST = "$(BUILT_PRODUCTS_DIR)/ScrollReels.app/ScrollReels";
			};
			name = Debug;
		};
		F6FC54B123E3C75300146B84 /* Release */ = {
			isa = XCBuildConfiguration;
			baseConfigurationReference = B8293E167FF14C5B092D81BD /* Pods-ScrollReelsTests.release.xcconfig */;
			buildSettings = {
				ALWAYS_EMBED_SWIFT_STANDARD_LIBRARIES = YES;
				BUNDLE_LOADER = "$(TEST_HOST)";
				CODE_SIGN_STYLE = Automatic;
				INFOPLIST_FILE = ScrollReelsTests/Info.plist;
				LD_RUNPATH_SEARCH_PATHS = (
					"$(inherited)",
					"@executable_path/Frameworks",
					"@loader_path/Frameworks",
				);
				PRODUCT_BUNDLE_IDENTIFIER = CSN.ScrollReelsTests;
				PRODUCT_NAME = "$(TARGET_NAME)";
				SWIFT_VERSION = 4.2;
				TARGETED_DEVICE_FAMILY = "1,2";
				TEST_HOST = "$(BUILT_PRODUCTS_DIR)/ScrollReels.app/ScrollReels";
			};
			name = Release;
		};
		F6FC54B323E3C75300146B84 /* Debug */ = {
			isa = XCBuildConfiguration;
			baseConfigurationReference = A187ECC17FBDC06C907D10A5 /* Pods-ScrollReels-ScrollReelsUITests.debug.xcconfig */;
			buildSettings = {
				ALWAYS_EMBED_SWIFT_STANDARD_LIBRARIES = YES;
				CODE_SIGN_STYLE = Automatic;
				INFOPLIST_FILE = ScrollReelsUITests/Info.plist;
				LD_RUNPATH_SEARCH_PATHS = (
					"$(inherited)",
					"@executable_path/Frameworks",
					"@loader_path/Frameworks",
				);
				PRODUCT_BUNDLE_IDENTIFIER = CSN.ScrollReelsUITests;
				PRODUCT_NAME = "$(TARGET_NAME)";
				SWIFT_VERSION = 4.2;
				TARGETED_DEVICE_FAMILY = "1,2";
				TEST_TARGET_NAME = ScrollReels;
			};
			name = Debug;
		};
		F6FC54B423E3C75300146B84 /* Release */ = {
			isa = XCBuildConfiguration;
			baseConfigurationReference = 05E552671CE4BF39A88F708B /* Pods-ScrollReels-ScrollReelsUITests.release.xcconfig */;
			buildSettings = {
				ALWAYS_EMBED_SWIFT_STANDARD_LIBRARIES = YES;
				CODE_SIGN_STYLE = Automatic;
				INFOPLIST_FILE = ScrollReelsUITests/Info.plist;
				LD_RUNPATH_SEARCH_PATHS = (
					"$(inherited)",
					"@executable_path/Frameworks",
					"@loader_path/Frameworks",
				);
				PRODUCT_BUNDLE_IDENTIFIER = CSN.ScrollReelsUITests;
				PRODUCT_NAME = "$(TARGET_NAME)";
				SWIFT_VERSION = 4.2;
				TARGETED_DEVICE_FAMILY = "1,2";
				TEST_TARGET_NAME = ScrollReels;
			};
			name = Release;
		};
/* End XCBuildConfiguration section */

/* Begin XCConfigurationList section */
		F6FC547F23E3C75000146B84 /* Build configuration list for PBXProject "ScrollReels" */ = {
			isa = XCConfigurationList;
			buildConfigurations = (
				F6FC54AA23E3C75300146B84 /* Debug */,
				F6FC54AB23E3C75300146B84 /* Release */,
			);
			defaultConfigurationIsVisible = 0;
			defaultConfigurationName = Release;
		};
		F6FC54AC23E3C75300146B84 /* Build configuration list for PBXNativeTarget "ScrollReels" */ = {
			isa = XCConfigurationList;
			buildConfigurations = (
				F6FC54AD23E3C75300146B84 /* Debug */,
				F6FC54AE23E3C75300146B84 /* Release */,
			);
			defaultConfigurationIsVisible = 0;
			defaultConfigurationName = Release;
		};
		F6FC54AF23E3C75300146B84 /* Build configuration list for PBXNativeTarget "ScrollReelsTests" */ = {
			isa = XCConfigurationList;
			buildConfigurations = (
				F6FC54B023E3C75300146B84 /* Debug */,
				F6FC54B123E3C75300146B84 /* Release */,
			);
			defaultConfigurationIsVisible = 0;
			defaultConfigurationName = Release;
		};
		F6FC54B223E3C75300146B84 /* Build configuration list for PBXNativeTarget "ScrollReelsUITests" */ = {
			isa = XCConfigurationList;
			buildConfigurations = (
				F6FC54B323E3C75300146B84 /* Debug */,
				F6FC54B423E3C75300146B84 /* Release */,
			);
			defaultConfigurationIsVisible = 0;
			defaultConfigurationName = Release;
		};
/* End XCConfigurationList section */
	};
	rootObject = F6FC547C23E3C75000146B84 /* Project object */;
}
